// !$*UTF8*$!
{
	archiveVersion = 1;
	classes = {
	};
	objectVersion = 56;
	objects = {

/* Begin PBXBuildFile section */
		6490A3EB2A3D629B00C59D40 /* Gzip in Frameworks */ = {isa = PBXBuildFile; productRef = 6490A3EA2A3D629B00C59D40 /* Gzip */; };
		6490A3FB2A3F8D7D00C59D40 /* SwiftSoup in Frameworks */ = {isa = PBXBuildFile; productRef = 6490A3FA2A3F8D7D00C59D40 /* SwiftSoup */; };
		64AC64A32A40CD1F00F7C4B3 /* ManifestPublication.swift in Sources */ = {isa = PBXBuildFile; fileRef = 64AC64872A40CD1D00F7C4B3 /* ManifestPublication.swift */; };
		64AC64A42A40CD1F00F7C4B3 /* JWPBible.swift in Sources */ = {isa = PBXBuildFile; fileRef = 64AC64882A40CD1D00F7C4B3 /* JWPBible.swift */; };
		64AC64A52A40CD1F00F7C4B3 /* Extension.swift in Sources */ = {isa = PBXBuildFile; fileRef = 64AC64892A40CD1D00F7C4B3 /* Extension.swift */; };
		64AC64A62A40CD1F00F7C4B3 /* nwt_E.jwpub in Resources */ = {isa = PBXBuildFile; fileRef = 64AC648B2A40CD1E00F7C4B3 /* nwt_E.jwpub */; };
		64AC64A72A40CD1F00F7C4B3 /* Preview Assets.xcassets in Resources */ = {isa = PBXBuildFile; fileRef = 64AC648C2A40CD1E00F7C4B3 /* Preview Assets.xcassets */; };
		64AC64A82A40CD1F00F7C4B3 /* JWPMeetingWorkBook.swift in Sources */ = {isa = PBXBuildFile; fileRef = 64AC648D2A40CD1E00F7C4B3 /* JWPMeetingWorkBook.swift */; };
		64AC64A92A40CD1F00F7C4B3 /* JWPUBParserApp.swift in Sources */ = {isa = PBXBuildFile; fileRef = 64AC648E2A40CD1E00F7C4B3 /* JWPUBParserApp.swift */; };
		64AC64AA2A40CD1F00F7C4B3 /* JWPUBParser.swift in Sources */ = {isa = PBXBuildFile; fileRef = 64AC648F2A40CD1E00F7C4B3 /* JWPUBParser.swift */; };
		64AC64AB2A40CD1F00F7C4B3 /* Extension+ManifestPublication.swift in Sources */ = {isa = PBXBuildFile; fileRef = 64AC64902A40CD1E00F7C4B3 /* Extension+ManifestPublication.swift */; };
		64AC64AC2A40CD1F00F7C4B3 /* Manifest.swift in Sources */ = {isa = PBXBuildFile; fileRef = 64AC64912A40CD1E00F7C4B3 /* Manifest.swift */; };
		64AC64AD2A40CD1F00F7C4B3 /* Assets.xcassets in Resources */ = {isa = PBXBuildFile; fileRef = 64AC64922A40CD1E00F7C4B3 /* Assets.xcassets */; };
		64AC64AE2A40CD1F00F7C4B3 /* Crypto.swift in Sources */ = {isa = PBXBuildFile; fileRef = 64AC64942A40CD1E00F7C4B3 /* Crypto.swift */; };
		64AC64B02A40CD1F00F7C4B3 /* Models.swift in Sources */ = {isa = PBXBuildFile; fileRef = 64AC64972A40CD1E00F7C4B3 /* Models.swift */; };
		64AC64B22A40CD1F00F7C4B3 /* HTMLParser.swift in Sources */ = {isa = PBXBuildFile; fileRef = 64AC649C2A40CD1E00F7C4B3 /* HTMLParser.swift */; };
		64AC64B42A40CD1F00F7C4B3 /* JWPDeobfuscator.m in Sources */ = {isa = PBXBuildFile; fileRef = 64AC649E2A40CD1E00F7C4B3 /* JWPDeobfuscator.m */; };
		64AC64B52A40CD1F00F7C4B3 /* ContentView.swift in Sources */ = {isa = PBXBuildFile; fileRef = 64AC649F2A40CD1F00F7C4B3 /* ContentView.swift */; };
		64AC64BD2A40D53000F7C4B3 /* JWPubMedia.swift in Sources */ = {isa = PBXBuildFile; fileRef = 64AC64BC2A40D53000F7C4B3 /* JWPubMedia.swift */; };
		64E952EA29EE327F0081C703 /* ZIPFoundation in Frameworks */ = {isa = PBXBuildFile; productRef = 64E952E929EE327F0081C703 /* ZIPFoundation */; };
		64E952F229EF5D970081C703 /* SQLite in Frameworks */ = {isa = PBXBuildFile; productRef = 64E952F129EF5D970081C703 /* SQLite */; };
		64E952FB29F09AB30081C703 /* CryptoSwift in Frameworks */ = {isa = PBXBuildFile; productRef = 64E952FA29F09AB30081C703 /* CryptoSwift */; };
		64E9530429F4CBC80081C703 /* DataCompression in Frameworks */ = {isa = PBXBuildFile; productRef = 64E9530329F4CBC80081C703 /* DataCompression */; };
		64EB545B2A420FD100851885 /* Zlib in Frameworks */ = {isa = PBXBuildFile; productRef = 64EB545A2A420FD100851885 /* Zlib */; };
/* End PBXBuildFile section */

/* Begin PBXFileReference section */
		64AC64872A40CD1D00F7C4B3 /* ManifestPublication.swift */ = {isa = PBXFileReference; fileEncoding = 4; lastKnownFileType = sourcecode.swift; path = ManifestPublication.swift; sourceTree = "<group>"; };
		64AC64882A40CD1D00F7C4B3 /* JWPBible.swift */ = {isa = PBXFileReference; fileEncoding = 4; lastKnownFileType = sourcecode.swift; path = JWPBible.swift; sourceTree = "<group>"; };
		64AC64892A40CD1D00F7C4B3 /* Extension.swift */ = {isa = PBXFileReference; fileEncoding = 4; lastKnownFileType = sourcecode.swift; path = Extension.swift; sourceTree = "<group>"; };
		64AC648B2A40CD1E00F7C4B3 /* nwt_E.jwpub */ = {isa = PBXFileReference; lastKnownFileType = file; path = nwt_E.jwpub; sourceTree = "<group>"; };
		64AC648C2A40CD1E00F7C4B3 /* Preview Assets.xcassets */ = {isa = PBXFileReference; lastKnownFileType = folder.assetcatalog; path = "Preview Assets.xcassets"; sourceTree = "<group>"; };
		64AC648D2A40CD1E00F7C4B3 /* JWPMeetingWorkBook.swift */ = {isa = PBXFileReference; fileEncoding = 4; lastKnownFileType = sourcecode.swift; path = JWPMeetingWorkBook.swift; sourceTree = "<group>"; };
		64AC648E2A40CD1E00F7C4B3 /* JWPUBParserApp.swift */ = {isa = PBXFileReference; fileEncoding = 4; lastKnownFileType = sourcecode.swift; path = JWPUBParserApp.swift; sourceTree = "<group>"; };
		64AC648F2A40CD1E00F7C4B3 /* JWPUBParser.swift */ = {isa = PBXFileReference; fileEncoding = 4; lastKnownFileType = sourcecode.swift; path = JWPUBParser.swift; sourceTree = "<group>"; };
		64AC64902A40CD1E00F7C4B3 /* Extension+ManifestPublication.swift */ = {isa = PBXFileReference; fileEncoding = 4; lastKnownFileType = sourcecode.swift; path = "Extension+ManifestPublication.swift"; sourceTree = "<group>"; };
		64AC64912A40CD1E00F7C4B3 /* Manifest.swift */ = {isa = PBXFileReference; fileEncoding = 4; lastKnownFileType = sourcecode.swift; path = Manifest.swift; sourceTree = "<group>"; };
		64AC64922A40CD1E00F7C4B3 /* Assets.xcassets */ = {isa = PBXFileReference; lastKnownFileType = folder.assetcatalog; path = Assets.xcassets; sourceTree = "<group>"; };
		64AC64942A40CD1E00F7C4B3 /* Crypto.swift */ = {isa = PBXFileReference; fileEncoding = 4; lastKnownFileType = sourcecode.swift; path = Crypto.swift; sourceTree = "<group>"; };
		64AC64972A40CD1E00F7C4B3 /* Models.swift */ = {isa = PBXFileReference; fileEncoding = 4; lastKnownFileType = sourcecode.swift; path = Models.swift; sourceTree = "<group>"; };
		64AC649C2A40CD1E00F7C4B3 /* HTMLParser.swift */ = {isa = PBXFileReference; fileEncoding = 4; lastKnownFileType = sourcecode.swift; path = HTMLParser.swift; sourceTree = "<group>"; };
		64AC649E2A40CD1E00F7C4B3 /* JWPDeobfuscator.m */ = {isa = PBXFileReference; fileEncoding = 4; lastKnownFileType = sourcecode.c.objc; path = JWPDeobfuscator.m; sourceTree = "<group>"; };
		64AC649F2A40CD1F00F7C4B3 /* ContentView.swift */ = {isa = PBXFileReference; fileEncoding = 4; lastKnownFileType = sourcecode.swift; path = ContentView.swift; sourceTree = "<group>"; };
		64AC64A02A40CD1F00F7C4B3 /* JWPDeobfuscator.h */ = {isa = PBXFileReference; fileEncoding = 4; lastKnownFileType = sourcecode.c.h; path = JWPDeobfuscator.h; sourceTree = "<group>"; };
		64AC64B82A40CF2100F7C4B3 /* JWPUBParser.entitlements */ = {isa = PBXFileReference; fileEncoding = 4; lastKnownFileType = text.plist.entitlements; path = JWPUBParser.entitlements; sourceTree = "<group>"; };
		64AC64BC2A40D53000F7C4B3 /* JWPubMedia.swift */ = {isa = PBXFileReference; lastKnownFileType = sourcecode.swift; path = JWPubMedia.swift; sourceTree = "<group>"; };
		64E952D629EE31240081C703 /* JWPUBParser.app */ = {isa = PBXFileReference; explicitFileType = wrapper.application; includeInIndex = 0; path = JWPUBParser.app; sourceTree = BUILT_PRODUCTS_DIR; };
		64E9530129F36CE10081C703 /* JWPUBParser-Bridging-Header.h */ = {isa = PBXFileReference; lastKnownFileType = sourcecode.c.h; path = "JWPUBParser-Bridging-Header.h"; sourceTree = "<group>"; };
/* End PBXFileReference section */

/* Begin PBXFrameworksBuildPhase section */
		64E952D329EE31240081C703 /* Frameworks */ = {
			isa = PBXFrameworksBuildPhase;
			buildActionMask = 2147483647;
			files = (
				64E952F229EF5D970081C703 /* SQLite in Frameworks */,
				64EB545B2A420FD100851885 /* Zlib in Frameworks */,
				6490A3EB2A3D629B00C59D40 /* Gzip in Frameworks */,
				64E952EA29EE327F0081C703 /* ZIPFoundation in Frameworks */,
				64E952FB29F09AB30081C703 /* CryptoSwift in Frameworks */,
				64E9530429F4CBC80081C703 /* DataCompression in Frameworks */,
				6490A3FB2A3F8D7D00C59D40 /* SwiftSoup in Frameworks */,
			);
			runOnlyForDeploymentPostprocessing = 0;
		};
/* End PBXFrameworksBuildPhase section */

/* Begin PBXGroup section */
		64AC648A2A40CD1D00F7C4B3 /* Utilities */ = {
			isa = PBXGroup;
			children = (
				64AC64942A40CD1E00F7C4B3 /* Crypto.swift */,
				64AC649C2A40CD1E00F7C4B3 /* HTMLParser.swift */,
				64AC648F2A40CD1E00F7C4B3 /* JWPUBParser.swift */,
				64AC64BC2A40D53000F7C4B3 /* JWPubMedia.swift */,
			);
			path = Utilities;
			sourceTree = "<group>";
		};
		64AC64962A40CD1E00F7C4B3 /* Extensions */ = {
			isa = PBXGroup;
			children = (
				64AC64892A40CD1D00F7C4B3 /* Extension.swift */,
				64AC64902A40CD1E00F7C4B3 /* Extension+ManifestPublication.swift */,
			);
			path = Extensions;
			sourceTree = "<group>";
		};
		64AC64992A40CD1E00F7C4B3 /* models */ = {
			isa = PBXGroup;
			children = (
				64AC64912A40CD1E00F7C4B3 /* Manifest.swift */,
				64AC64872A40CD1D00F7C4B3 /* ManifestPublication.swift */,
				64AC648D2A40CD1E00F7C4B3 /* JWPMeetingWorkBook.swift */,
				64AC64882A40CD1D00F7C4B3 /* JWPBible.swift */,
				64AC64972A40CD1E00F7C4B3 /* Models.swift */,
			);
			path = models;
			sourceTree = "<group>";
		};
		64AC649A2A40CD1E00F7C4B3 /* MEPS */ = {
			isa = PBXGroup;
			children = (
				64AC64A02A40CD1F00F7C4B3 /* JWPDeobfuscator.h */,
				64AC649E2A40CD1E00F7C4B3 /* JWPDeobfuscator.m */,
			);
			path = MEPS;
			sourceTree = "<group>";
		};
		64AC649B2A40CD1E00F7C4B3 /* JWPUBParser */ = {
			isa = PBXGroup;
			children = (
			);
			path = JWPUBParser;
			sourceTree = "<group>";
		};
		64AC64A12A40CD1F00F7C4B3 /* Package */ = {
			isa = PBXGroup;
			children = (
				64AC649B2A40CD1E00F7C4B3 /* JWPUBParser */,
			);
			path = Package;
			sourceTree = "<group>";
		};
		64AC64A22A40CD1F00F7C4B3 /* Preview Content */ = {
			isa = PBXGroup;
			children = (
			);
			path = "Preview Content";
			sourceTree = "<group>";
		};
		64E952CD29EE31240081C703 = {
			isa = PBXGroup;
			children = (
				64E9530129F36CE10081C703 /* JWPUBParser-Bridging-Header.h */,
				64AC64922A40CD1E00F7C4B3 /* Assets.xcassets */,
				64AC64962A40CD1E00F7C4B3 /* Extensions */,
				64AC649A2A40CD1E00F7C4B3 /* MEPS */,
				64AC64992A40CD1E00F7C4B3 /* models */,
				64AC648B2A40CD1E00F7C4B3 /* nwt_E.jwpub */,
				64AC64A12A40CD1F00F7C4B3 /* Package */,
				64AC648C2A40CD1E00F7C4B3 /* Preview Assets.xcassets */,
				64AC648E2A40CD1E00F7C4B3 /* JWPUBParserApp.swift */,
				64AC64B82A40CF2100F7C4B3 /* JWPUBParser.entitlements */,
				64AC649F2A40CD1F00F7C4B3 /* ContentView.swift */,
				64AC64A22A40CD1F00F7C4B3 /* Preview Content */,
				64AC648A2A40CD1D00F7C4B3 /* Utilities */,
				64E952D729EE31240081C703 /* Products */,
			);
			sourceTree = "<group>";
		};
		64E952D729EE31240081C703 /* Products */ = {
			isa = PBXGroup;
			children = (
				64E952D629EE31240081C703 /* JWPUBParser.app */,
			);
			name = Products;
			sourceTree = "<group>";
		};
/* End PBXGroup section */

/* Begin PBXNativeTarget section */
		64E952D529EE31240081C703 /* JWPUBParser */ = {
			isa = PBXNativeTarget;
			buildConfigurationList = 64E952E529EE31250081C703 /* Build configuration list for PBXNativeTarget "JWPUBParser" */;
			buildPhases = (
				64E952D229EE31240081C703 /* Sources */,
				64E952D329EE31240081C703 /* Frameworks */,
				64E952D429EE31240081C703 /* Resources */,
			);
			buildRules = (
			);
			dependencies = (
			);
			name = JWPUBParser;
			packageProductDependencies = (
				64E952E929EE327F0081C703 /* ZIPFoundation */,
				64E952F129EF5D970081C703 /* SQLite */,
				64E952FA29F09AB30081C703 /* CryptoSwift */,
				64E9530329F4CBC80081C703 /* DataCompression */,
				6490A3EA2A3D629B00C59D40 /* Gzip */,
				6490A3FA2A3F8D7D00C59D40 /* SwiftSoup */,
				64EB545A2A420FD100851885 /* Zlib */,
			);
			productName = JWPUBParser;
			productReference = 64E952D629EE31240081C703 /* JWPUBParser.app */;
			productType = "com.apple.product-type.application";
		};
/* End PBXNativeTarget section */

/* Begin PBXProject section */
		64E952CE29EE31240081C703 /* Project object */ = {
			isa = PBXProject;
			attributes = {
				BuildIndependentTargetsInParallel = 1;
				CLASSPREFIX = JWP;
				LastSwiftUpdateCheck = 1430;
				LastUpgradeCheck = 1430;
				ORGANIZATIONNAME = AppyWeb;
				TargetAttributes = {
					64E952D529EE31240081C703 = {
						CreatedOnToolsVersion = 14.3;
					};
				};
			};
			buildConfigurationList = 64E952D129EE31240081C703 /* Build configuration list for PBXProject "JWPUBParser" */;
			compatibilityVersion = "Xcode 14.0";
			developmentRegion = en;
			hasScannedForEncodings = 0;
			knownRegions = (
				en,
				Base,
			);
			mainGroup = 64E952CD29EE31240081C703;
			packageReferences = (
				64E952E829EE327F0081C703 /* XCRemoteSwiftPackageReference "ZIPFoundation" */,
				64E952F029EF5D970081C703 /* XCRemoteSwiftPackageReference "SQLite" */,
				64E952F929F09AB30081C703 /* XCRemoteSwiftPackageReference "CryptoSwift" */,
				64E9530229F4CBC80081C703 /* XCRemoteSwiftPackageReference "DataCompression" */,
				6490A3E92A3D629B00C59D40 /* XCRemoteSwiftPackageReference "GzipSwift" */,
				6490A3F92A3F8D7D00C59D40 /* XCRemoteSwiftPackageReference "SwiftSoup" */,
				64EB54592A420FD100851885 /* XCRemoteSwiftPackageReference "Zlib" */,
			);
			productRefGroup = 64E952D729EE31240081C703 /* Products */;
			projectDirPath = "";
			projectRoot = "";
			targets = (
				64E952D529EE31240081C703 /* JWPUBParser */,
			);
		};
/* End PBXProject section */

/* Begin PBXResourcesBuildPhase section */
		64E952D429EE31240081C703 /* Resources */ = {
			isa = PBXResourcesBuildPhase;
			buildActionMask = 2147483647;
			files = (
				64AC64A72A40CD1F00F7C4B3 /* Preview Assets.xcassets in Resources */,
				64AC64AD2A40CD1F00F7C4B3 /* Assets.xcassets in Resources */,
				64AC64A62A40CD1F00F7C4B3 /* nwt_E.jwpub in Resources */,
			);
			runOnlyForDeploymentPostprocessing = 0;
		};
/* End PBXResourcesBuildPhase section */

/* Begin PBXSourcesBuildPhase section */
		64E952D229EE31240081C703 /* Sources */ = {
			isa = PBXSourcesBuildPhase;
			buildActionMask = 2147483647;
			files = (
				64AC64B42A40CD1F00F7C4B3 /* JWPDeobfuscator.m in Sources */,
				64AC64B02A40CD1F00F7C4B3 /* Models.swift in Sources */,
				64AC64AC2A40CD1F00F7C4B3 /* Manifest.swift in Sources */,
				64AC64BD2A40D53000F7C4B3 /* JWPubMedia.swift in Sources */,
				64AC64A52A40CD1F00F7C4B3 /* Extension.swift in Sources */,
				64AC64AB2A40CD1F00F7C4B3 /* Extension+ManifestPublication.swift in Sources */,
				64AC64AE2A40CD1F00F7C4B3 /* Crypto.swift in Sources */,
				64AC64AA2A40CD1F00F7C4B3 /* JWPUBParser.swift in Sources */,
				64AC64A42A40CD1F00F7C4B3 /* JWPBible.swift in Sources */,
				64AC64A92A40CD1F00F7C4B3 /* JWPUBParserApp.swift in Sources */,
				64AC64B52A40CD1F00F7C4B3 /* ContentView.swift in Sources */,
				64AC64B22A40CD1F00F7C4B3 /* HTMLParser.swift in Sources */,
				64AC64A32A40CD1F00F7C4B3 /* ManifestPublication.swift in Sources */,
				64AC64A82A40CD1F00F7C4B3 /* JWPMeetingWorkBook.swift in Sources */,
			);
			runOnlyForDeploymentPostprocessing = 0;
		};
/* End PBXSourcesBuildPhase section */

/* Begin XCBuildConfiguration section */
		64E952E329EE31250081C703 /* Debug */ = {
			isa = XCBuildConfiguration;
			buildSettings = {
				ALWAYS_SEARCH_USER_PATHS = NO;
				CLANG_ANALYZER_NONNULL = YES;
				CLANG_ANALYZER_NUMBER_OBJECT_CONVERSION = YES_AGGRESSIVE;
				CLANG_CXX_LANGUAGE_STANDARD = "gnu++20";
				CLANG_ENABLE_MODULES = YES;
				CLANG_ENABLE_OBJC_ARC = YES;
				CLANG_ENABLE_OBJC_WEAK = YES;
				CLANG_WARN_BLOCK_CAPTURE_AUTORELEASING = YES;
				CLANG_WARN_BOOL_CONVERSION = YES;
				CLANG_WARN_COMMA = YES;
				CLANG_WARN_CONSTANT_CONVERSION = YES;
				CLANG_WARN_DEPRECATED_OBJC_IMPLEMENTATIONS = YES;
				CLANG_WARN_DIRECT_OBJC_ISA_USAGE = YES_ERROR;
				CLANG_WARN_DOCUMENTATION_COMMENTS = YES;
				CLANG_WARN_EMPTY_BODY = YES;
				CLANG_WARN_ENUM_CONVERSION = YES;
				CLANG_WARN_INFINITE_RECURSION = YES;
				CLANG_WARN_INT_CONVERSION = YES;
				CLANG_WARN_NON_LITERAL_NULL_CONVERSION = YES;
				CLANG_WARN_OBJC_IMPLICIT_RETAIN_SELF = YES;
				CLANG_WARN_OBJC_LITERAL_CONVERSION = YES;
				CLANG_WARN_OBJC_ROOT_CLASS = YES_ERROR;
				CLANG_WARN_QUOTED_INCLUDE_IN_FRAMEWORK_HEADER = YES;
				CLANG_WARN_RANGE_LOOP_ANALYSIS = YES;
				CLANG_WARN_STRICT_PROTOTYPES = YES;
				CLANG_WARN_SUSPICIOUS_MOVE = YES;
				CLANG_WARN_UNGUARDED_AVAILABILITY = YES_AGGRESSIVE;
				CLANG_WARN_UNREACHABLE_CODE = YES;
				CLANG_WARN__DUPLICATE_METHOD_MATCH = YES;
				COPY_PHASE_STRIP = NO;
				DEBUG_INFORMATION_FORMAT = dwarf;
				ENABLE_STRICT_OBJC_MSGSEND = YES;
				ENABLE_TESTABILITY = YES;
				GCC_C_LANGUAGE_STANDARD = gnu11;
				GCC_DYNAMIC_NO_PIC = NO;
				GCC_NO_COMMON_BLOCKS = YES;
				GCC_OPTIMIZATION_LEVEL = 0;
				GCC_PREPROCESSOR_DEFINITIONS = (
					"DEBUG=1",
					"$(inherited)",
				);
				GCC_WARN_64_TO_32_BIT_CONVERSION = YES;
				GCC_WARN_ABOUT_RETURN_TYPE = YES_ERROR;
				GCC_WARN_UNDECLARED_SELECTOR = YES;
				GCC_WARN_UNINITIALIZED_AUTOS = YES_AGGRESSIVE;
				GCC_WARN_UNUSED_FUNCTION = YES;
				GCC_WARN_UNUSED_VARIABLE = YES;
				MACOSX_DEPLOYMENT_TARGET = 13.0;
				MTL_ENABLE_DEBUG_INFO = INCLUDE_SOURCE;
				MTL_FAST_MATH = YES;
				ONLY_ACTIVE_ARCH = YES;
				SDKROOT = macosx;
				SWIFT_ACTIVE_COMPILATION_CONDITIONS = DEBUG;
				SWIFT_OBJC_BRIDGING_HEADER = "JWPUBParser-Bridging-Header.h";
				SWIFT_OPTIMIZATION_LEVEL = "-Onone";
			};
			name = Debug;
		};
		64E952E429EE31250081C703 /* Release */ = {
			isa = XCBuildConfiguration;
			buildSettings = {
				ALWAYS_SEARCH_USER_PATHS = NO;
				CLANG_ANALYZER_NONNULL = YES;
				CLANG_ANALYZER_NUMBER_OBJECT_CONVERSION = YES_AGGRESSIVE;
				CLANG_CXX_LANGUAGE_STANDARD = "gnu++20";
				CLANG_ENABLE_MODULES = YES;
				CLANG_ENABLE_OBJC_ARC = YES;
				CLANG_ENABLE_OBJC_WEAK = YES;
				CLANG_WARN_BLOCK_CAPTURE_AUTORELEASING = YES;
				CLANG_WARN_BOOL_CONVERSION = YES;
				CLANG_WARN_COMMA = YES;
				CLANG_WARN_CONSTANT_CONVERSION = YES;
				CLANG_WARN_DEPRECATED_OBJC_IMPLEMENTATIONS = YES;
				CLANG_WARN_DIRECT_OBJC_ISA_USAGE = YES_ERROR;
				CLANG_WARN_DOCUMENTATION_COMMENTS = YES;
				CLANG_WARN_EMPTY_BODY = YES;
				CLANG_WARN_ENUM_CONVERSION = YES;
				CLANG_WARN_INFINITE_RECURSION = YES;
				CLANG_WARN_INT_CONVERSION = YES;
				CLANG_WARN_NON_LITERAL_NULL_CONVERSION = YES;
				CLANG_WARN_OBJC_IMPLICIT_RETAIN_SELF = YES;
				CLANG_WARN_OBJC_LITERAL_CONVERSION = YES;
				CLANG_WARN_OBJC_ROOT_CLASS = YES_ERROR;
				CLANG_WARN_QUOTED_INCLUDE_IN_FRAMEWORK_HEADER = YES;
				CLANG_WARN_RANGE_LOOP_ANALYSIS = YES;
				CLANG_WARN_STRICT_PROTOTYPES = YES;
				CLANG_WARN_SUSPICIOUS_MOVE = YES;
				CLANG_WARN_UNGUARDED_AVAILABILITY = YES_AGGRESSIVE;
				CLANG_WARN_UNREACHABLE_CODE = YES;
				CLANG_WARN__DUPLICATE_METHOD_MATCH = YES;
				COPY_PHASE_STRIP = NO;
				DEBUG_INFORMATION_FORMAT = "dwarf-with-dsym";
				ENABLE_NS_ASSERTIONS = NO;
				ENABLE_STRICT_OBJC_MSGSEND = YES;
				GCC_C_LANGUAGE_STANDARD = gnu11;
				GCC_NO_COMMON_BLOCKS = YES;
				GCC_WARN_64_TO_32_BIT_CONVERSION = YES;
				GCC_WARN_ABOUT_RETURN_TYPE = YES_ERROR;
				GCC_WARN_UNDECLARED_SELECTOR = YES;
				GCC_WARN_UNINITIALIZED_AUTOS = YES_AGGRESSIVE;
				GCC_WARN_UNUSED_FUNCTION = YES;
				GCC_WARN_UNUSED_VARIABLE = YES;
				MACOSX_DEPLOYMENT_TARGET = 13.0;
				MTL_ENABLE_DEBUG_INFO = NO;
				MTL_FAST_MATH = YES;
				SDKROOT = macosx;
				SWIFT_COMPILATION_MODE = wholemodule;
				SWIFT_OBJC_BRIDGING_HEADER = "JWPUBParser-Bridging-Header.h";
				SWIFT_OPTIMIZATION_LEVEL = "-O";
			};
			name = Release;
		};
		64E952E629EE31250081C703 /* Debug */ = {
			isa = XCBuildConfiguration;
			buildSettings = {
				ASSETCATALOG_COMPILER_APPICON_NAME = AppIcon;
				ASSETCATALOG_COMPILER_GLOBAL_ACCENT_COLOR_NAME = AccentColor;
				CODE_SIGN_ENTITLEMENTS = JWPUBParser.entitlements;
				CODE_SIGN_STYLE = Automatic;
				COMBINE_HIDPI_IMAGES = YES;
				CURRENT_PROJECT_VERSION = 1;
				DEVELOPMENT_ASSET_PATHS = "\"Preview Content\"";
				DEVELOPMENT_TEAM = FUU334NWUK;
				ENABLE_HARDENED_RUNTIME = YES;
				ENABLE_PREVIEWS = YES;
				GENERATE_INFOPLIST_FILE = YES;
				INFOPLIST_KEY_NSHumanReadableCopyright = "";
				LD_RUNPATH_SEARCH_PATHS = (
					"$(inherited)",
					"@executable_path/../Frameworks",
				);
				MACOSX_DEPLOYMENT_TARGET = 13.0;
				MARKETING_VERSION = 1.0;
				PRODUCT_BUNDLE_IDENTIFIER = com.appyweb.JWPUBParser;
				PRODUCT_NAME = "$(TARGET_NAME)";
				SWIFT_EMIT_LOC_STRINGS = YES;
				SWIFT_OBJC_BRIDGING_HEADER = "JWPUBParser-Bridging-Header.h";
				SWIFT_VERSION = 5.0;
			};
			name = Debug;
		};
		64E952E729EE31250081C703 /* Release */ = {
			isa = XCBuildConfiguration;
			buildSettings = {
				ASSETCATALOG_COMPILER_APPICON_NAME = AppIcon;
				ASSETCATALOG_COMPILER_GLOBAL_ACCENT_COLOR_NAME = AccentColor;
				CODE_SIGN_ENTITLEMENTS = JWPUBParser.entitlements;
				CODE_SIGN_STYLE = Automatic;
				COMBINE_HIDPI_IMAGES = YES;
				CURRENT_PROJECT_VERSION = 1;
				DEVELOPMENT_ASSET_PATHS = "\"Preview Content\"";
				DEVELOPMENT_TEAM = FUU334NWUK;
				ENABLE_HARDENED_RUNTIME = YES;
				ENABLE_PREVIEWS = YES;
				GENERATE_INFOPLIST_FILE = YES;
				INFOPLIST_KEY_NSHumanReadableCopyright = "";
				LD_RUNPATH_SEARCH_PATHS = (
					"$(inherited)",
					"@executable_path/../Frameworks",
				);
				MACOSX_DEPLOYMENT_TARGET = 13.0;
				MARKETING_VERSION = 1.0;
				PRODUCT_BUNDLE_IDENTIFIER = com.appyweb.JWPUBParser;
				PRODUCT_NAME = "$(TARGET_NAME)";
				SWIFT_EMIT_LOC_STRINGS = YES;
				SWIFT_OBJC_BRIDGING_HEADER = "JWPUBParser-Bridging-Header.h";
				SWIFT_VERSION = 5.0;
			};
			name = Release;
		};
/* End XCBuildConfiguration section */

/* Begin XCConfigurationList section */
		64E952D129EE31240081C703 /* Build configuration list for PBXProject "JWPUBParser" */ = {
			isa = XCConfigurationList;
			buildConfigurations = (
				64E952E329EE31250081C703 /* Debug */,
				64E952E429EE31250081C703 /* Release */,
			);
			defaultConfigurationIsVisible = 0;
			defaultConfigurationName = Release;
		};
		64E952E529EE31250081C703 /* Build configuration list for PBXNativeTarget "JWPUBParser" */ = {
			isa = XCConfigurationList;
			buildConfigurations = (
				64E952E629EE31250081C703 /* Debug */,
				64E952E729EE31250081C703 /* Release */,
			);
			defaultConfigurationIsVisible = 0;
			defaultConfigurationName = Release;
		};
/* End XCConfigurationList section */

/* Begin XCRemoteSwiftPackageReference section */
		6490A3E92A3D629B00C59D40 /* XCRemoteSwiftPackageReference "GzipSwift" */ = {
			isa = XCRemoteSwiftPackageReference;
			repositoryURL = "https://github.com/1024jp/GzipSwift";
			requirement = {
				kind = upToNextMajorVersion;
				minimumVersion = 6.0.1;
			};
		};
		6490A3F92A3F8D7D00C59D40 /* XCRemoteSwiftPackageReference "SwiftSoup" */ = {
			isa = XCRemoteSwiftPackageReference;
			repositoryURL = "https://github.com/scinfu/SwiftSoup";
			requirement = {
				kind = upToNextMajorVersion;
				minimumVersion = 2.6.0;
			};
		};
		64E952E829EE327F0081C703 /* XCRemoteSwiftPackageReference "ZIPFoundation" */ = {
			isa = XCRemoteSwiftPackageReference;
			repositoryURL = "https://github.com/weichsel/ZIPFoundation.git";
			requirement = {
				kind = upToNextMajorVersion;
				minimumVersion = 0.9.16;
			};
		};
		64E952F029EF5D970081C703 /* XCRemoteSwiftPackageReference "SQLite" */ = {
			isa = XCRemoteSwiftPackageReference;
			repositoryURL = "https://github.com/stephencelis/SQLite.swift";
			requirement = {
				kind = upToNextMajorVersion;
				minimumVersion = 0.14.1;
			};
		};
		64E952F929F09AB30081C703 /* XCRemoteSwiftPackageReference "CryptoSwift" */ = {
			isa = XCRemoteSwiftPackageReference;
			repositoryURL = "https://github.com/krzyzanowskim/CryptoSwift.git";
			requirement = {
				kind = upToNextMajorVersion;
				minimumVersion = 1.0.0;
			};
		};
		64E9530229F4CBC80081C703 /* XCRemoteSwiftPackageReference "DataCompression" */ = {
			isa = XCRemoteSwiftPackageReference;
			repositoryURL = "https://github.com/mw99/DataCompression";
			requirement = {
				kind = upToNextMajorVersion;
				minimumVersion = 3.0.0;
			};
		};
		64EB54592A420FD100851885 /* XCRemoteSwiftPackageReference "Zlib" */ = {
			isa = XCRemoteSwiftPackageReference;
			repositoryURL = "https://github.com/mezhevikin/Zlib.git";
			requirement = {
				kind = upToNextMajorVersion;
				minimumVersion = 0.0.2;
			};
		};
/* End XCRemoteSwiftPackageReference section */

/* Begin XCSwiftPackageProductDependency section */
		6490A3EA2A3D629B00C59D40 /* Gzip */ = {
			isa = XCSwiftPackageProductDependency;
			package = 6490A3E92A3D629B00C59D40 /* XCRemoteSwiftPackageReference "GzipSwift" */;
			productName = Gzip;
		};
		6490A3FA2A3F8D7D00C59D40 /* SwiftSoup */ = {
			isa = XCSwiftPackageProductDependency;
			package = 6490A3F92A3F8D7D00C59D40 /* XCRemoteSwiftPackageReference "SwiftSoup" */;
			productName = SwiftSoup;
		};
		64E952E929EE327F0081C703 /* ZIPFoundation */ = {
			isa = XCSwiftPackageProductDependency;
			package = 64E952E829EE327F0081C703 /* XCRemoteSwiftPackageReference "ZIPFoundation" */;
			productName = ZIPFoundation;
		};
		64E952F129EF5D970081C703 /* SQLite */ = {
			isa = XCSwiftPackageProductDependency;
			package = 64E952F029EF5D970081C703 /* XCRemoteSwiftPackageReference "SQLite" */;
			productName = SQLite;
		};
		64E952FA29F09AB30081C703 /* CryptoSwift */ = {
			isa = XCSwiftPackageProductDependency;
			package = 64E952F929F09AB30081C703 /* XCRemoteSwiftPackageReference "CryptoSwift" */;
			productName = CryptoSwift;
		};
		64E9530329F4CBC80081C703 /* DataCompression */ = {
			isa = XCSwiftPackageProductDependency;
			package = 64E9530229F4CBC80081C703 /* XCRemoteSwiftPackageReference "DataCompression" */;
			productName = DataCompression;
		};
		64EB545A2A420FD100851885 /* Zlib */ = {
			isa = XCSwiftPackageProductDependency;
			package = 64EB54592A420FD100851885 /* XCRemoteSwiftPackageReference "Zlib" */;
			productName = Zlib;
		};
/* End XCSwiftPackageProductDependency section */
	};
	rootObject = 64E952CE29EE31240081C703 /* Project object */;
}
